
Microsoft Visual Studio Solution File, Format Version 12.00
# Visual Studio Version 16
VisualStudioVersion = 16.0.31321.278
MinimumVisualStudioVersion = 10.0.40219.1
Project("{FAE04EC0-301F-11D3-BF4B-00C04F79EFBC}") = "SpyderTechBlog", "SpyderTechBlog\SpyderTechBlog.csproj", "{4E11EA29-DC9E-41B2-A908-97B9672CA508}"
EndProject
Global
	GlobalSection(SolutionConfigurationPlatforms) = preSolution
		Debug|Any CPU = Debug|Any CPU
		Release|Any CPU = Release|Any CPU
	EndGlobalSection
	GlobalSection(ProjectConfigurationPlatforms) = postSolution
		{4E11EA29-DC9E-41B2-A908-97B9672CA508}.Debug|Any CPU.ActiveCfg = Debug|Any CPU
		{4E11EA29-DC9E-41B2-A908-97B9672CA508}.Debug|Any CPU.Build.0 = Debug|Any CPU
		{4E11EA29-DC9E-41B2-A908-97B9672CA508}.Release|Any CPU.ActiveCfg = Release|Any CPU
		{4E11EA29-DC9E-41B2-A908-97B9672CA508}.Release|Any CPU.Build.0 = Release|Any CPU
	EndGlobalSection
	GlobalSection(SolutionProperties) = preSolution
		HideSolutionNode = FALSE
	EndGlobalSection
	GlobalSection(ExtensibilityGlobals) = postSolution
		SolutionGuid = {FB0DF25B-1314-4FAB-985B-EB074E85D677}
	EndGlobalSection
EndGlobal
